// !$*UTF8*$!
{
	archiveVersion = 1;
	classes = {
	};
	objectVersion = 50;
	objects = {

/* Begin PBXBuildFile section */
		8C46E2A8215B64A7009AAFCF /* AppDelegate.swift in Sources */ = {isa = PBXBuildFile; fileRef = 8C46E2A7215B64A7009AAFCF /* AppDelegate.swift */; };
		8C46E2AA215B64A7009AAFCF /* ViewController.swift in Sources */ = {isa = PBXBuildFile; fileRef = 8C46E2A9215B64A7009AAFCF /* ViewController.swift */; };
		8C46E2AD215B64A7009AAFCF /* Main.storyboard in Resources */ = {isa = PBXBuildFile; fileRef = 8C46E2AB215B64A7009AAFCF /* Main.storyboard */; };
		8C46E2AF215B64A8009AAFCF /* Assets.xcassets in Resources */ = {isa = PBXBuildFile; fileRef = 8C46E2AE215B64A8009AAFCF /* Assets.xcassets */; };
		8C46E2B2215B64A8009AAFCF /* LaunchScreen.storyboard in Resources */ = {isa = PBXBuildFile; fileRef = 8C46E2B0215B64A8009AAFCF /* LaunchScreen.storyboard */; };
		8C791E13215EFE3F00F0BCA7 /* KPAYMerchant.framework in Frameworks */ = {isa = PBXBuildFile; fileRef = 8C791E12215EFE3F00F0BCA7 /* KPAYMerchant.framework */; };
/* End PBXBuildFile section */

/* Begin PBXCopyFilesBuildPhase section */
		8C46E2BD215B655C009AAFCF /* Embed Frameworks */ = {
			isa = PBXCopyFilesBuildPhase;
			buildActionMask = 2147483647;
			dstPath = "";
			dstSubfolderSpec = 10;
			files = (
			);
			name = "Embed Frameworks";
			runOnlyForDeploymentPostprocessing = 0;
		};
/* End PBXCopyFilesBuildPhase section */

/* Begin PBXFileReference section */
		8C46E2A4215B64A7009AAFCF /* KPAYMerchantSample.app */ = {isa = PBXFileReference; explicitFileType = wrapper.application; includeInIndex = 0; path = KPAYMerchantSample.app; sourceTree = BUILT_PRODUCTS_DIR; };
		8C46E2A7215B64A7009AAFCF /* AppDelegate.swift */ = {isa = PBXFileReference; lastKnownFileType = sourcecode.swift; path = AppDelegate.swift; sourceTree = "<group>"; };
		8C46E2A9215B64A7009AAFCF /* ViewController.swift */ = {isa = PBXFileReference; lastKnownFileType = sourcecode.swift; path = ViewController.swift; sourceTree = "<group>"; };
		8C46E2AC215B64A7009AAFCF /* Base */ = {isa = PBXFileReference; lastKnownFileType = file.storyboard; name = Base; path = Base.lproj/Main.storyboard; sourceTree = "<group>"; };
		8C46E2AE215B64A8009AAFCF /* Assets.xcassets */ = {isa = PBXFileReference; lastKnownFileType = folder.assetcatalog; path = Assets.xcassets; sourceTree = "<group>"; };
		8C46E2B1215B64A8009AAFCF /* Base */ = {isa = PBXFileReference; lastKnownFileType = file.storyboard; name = Base; path = Base.lproj/LaunchScreen.storyboard; sourceTree = "<group>"; };
		8C46E2B3215B64A8009AAFCF /* Info.plist */ = {isa = PBXFileReference; lastKnownFileType = text.plist.xml; path = Info.plist; sourceTree = "<group>"; };
		8C791E12215EFE3F00F0BCA7 /* KPAYMerchant.framework */ = {isa = PBXFileReference; lastKnownFileType = wrapper.framework; name = KPAYMerchant.framework; path = Framework/KPAYMerchant.framework; sourceTree = "<group>"; };
/* End PBXFileReference section */

/* Begin PBXFrameworksBuildPhase section */
		8C46E2A1215B64A7009AAFCF /* Frameworks */ = {
			isa = PBXFrameworksBuildPhase;
			buildActionMask = 2147483647;
			files = (
				8C791E13215EFE3F00F0BCA7 /* KPAYMerchant.framework in Frameworks */,
			);
			runOnlyForDeploymentPostprocessing = 0;
		};
/* End PBXFrameworksBuildPhase section */

/* Begin PBXGroup section */
		8C46E29B215B64A7009AAFCF = {
			isa = PBXGroup;
			children = (
				8C46E2A6215B64A7009AAFCF /* KPAYMerchantSample */,
				8C46E2A5215B64A7009AAFCF /* Products */,
			);
			sourceTree = "<group>";
		};
		8C46E2A5215B64A7009AAFCF /* Products */ = {
			isa = PBXGroup;
			children = (
				8C46E2A4215B64A7009AAFCF /* KPAYMerchantSample.app */,
			);
			name = Products;
			sourceTree = "<group>";
		};
		8C46E2A6215B64A7009AAFCF /* KPAYMerchantSample */ = {
			isa = PBXGroup;
			children = (
				8C46E2A7215B64A7009AAFCF /* AppDelegate.swift */,
				8C46E2A9215B64A7009AAFCF /* ViewController.swift */,
				8C791E12215EFE3F00F0BCA7 /* KPAYMerchant.framework */,
				8C46E2AB215B64A7009AAFCF /* Main.storyboard */,
				8C46E2AE215B64A8009AAFCF /* Assets.xcassets */,
				8C46E2B0215B64A8009AAFCF /* LaunchScreen.storyboard */,
				8C46E2B3215B64A8009AAFCF /* Info.plist */,
			);
			path = KPAYMerchantSample;
			sourceTree = "<group>";
		};
/* End PBXGroup section */

/* Begin PBXNativeTarget section */
		8C46E2A3215B64A7009AAFCF /* KPAYMerchantSample */ = {
			isa = PBXNativeTarget;
			buildConfigurationList = 8C46E2B6215B64A8009AAFCF /* Build configuration list for PBXNativeTarget "KPAYMerchantSample" */;
			buildPhases = (
				8C46E2A0215B64A7009AAFCF /* Sources */,
				8C46E2A1215B64A7009AAFCF /* Frameworks */,
				8C46E2A2215B64A7009AAFCF /* Resources */,
				8C46E2BD215B655C009AAFCF /* Embed Frameworks */,
			);
			buildRules = (
			);
			dependencies = (
			);
			name = KPAYMerchantSample;
			productName = KPAYEnterpriseSample;
			productReference = 8C46E2A4215B64A7009AAFCF /* KPAYMerchantSample.app */;
			productType = "com.apple.product-type.application";
		};
/* End PBXNativeTarget section */

/* Begin PBXProject section */
		8C46E29C215B64A7009AAFCF /* Project object */ = {
			isa = PBXProject;
			attributes = {
				LastSwiftUpdateCheck = 0940;
				LastUpgradeCheck = 0940;
				ORGANIZATIONNAME = "Kryptono Inc.";
				TargetAttributes = {
					8C46E2A3215B64A7009AAFCF = {
						CreatedOnToolsVersion = 9.4.1;
						LastSwiftMigration = 0940;
					};
				};
			};
			buildConfigurationList = 8C46E29F215B64A7009AAFCF /* Build configuration list for PBXProject "KPAYMerchantSample" */;
			compatibilityVersion = "Xcode 9.3";
			developmentRegion = en;
			hasScannedForEncodings = 0;
			knownRegions = (
				en,
				Base,
			);
			mainGroup = 8C46E29B215B64A7009AAFCF;
			productRefGroup = 8C46E2A5215B64A7009AAFCF /* Products */;
			projectDirPath = "";
			projectRoot = "";
			targets = (
				8C46E2A3215B64A7009AAFCF /* KPAYMerchantSample */,
			);
		};
/* End PBXProject section */

/* Begin PBXResourcesBuildPhase section */
		8C46E2A2215B64A7009AAFCF /* Resources */ = {
			isa = PBXResourcesBuildPhase;
			buildActionMask = 2147483647;
			files = (
				8C46E2B2215B64A8009AAFCF /* LaunchScreen.storyboard in Resources */,
				8C46E2AF215B64A8009AAFCF /* Assets.xcassets in Resources */,
				8C46E2AD215B64A7009AAFCF /* Main.storyboard in Resources */,
			);
			runOnlyForDeploymentPostprocessing = 0;
		};
/* End PBXResourcesBuildPhase section */

/* Begin PBXSourcesBuildPhase section */
		8C46E2A0215B64A7009AAFCF /* Sources */ = {
			isa = PBXSourcesBuildPhase;
			buildActionMask = 2147483647;
			files = (
				8C46E2AA215B64A7009AAFCF /* ViewController.swift in Sources */,
				8C46E2A8215B64A7009AAFCF /* AppDelegate.swift in Sources */,
			);
			runOnlyForDeploymentPostprocessing = 0;
		};
/* End PBXSourcesBuildPhase section */

/* Begin PBXVariantGroup section */
		8C46E2AB215B64A7009AAFCF /* Main.storyboard */ = {
			isa = PBXVariantGroup;
			children = (
				8C46E2AC215B64A7009AAFCF /* Base */,
			);
			name = Main.storyboard;
			sourceTree = "<group>";
		};
		8C46E2B0215B64A8009AAFCF /* LaunchScreen.storyboard */ = {
			isa = PBXVariantGroup;
			children = (
				8C46E2B1215B64A8009AAFCF /* Base */,
			);
			name = LaunchScreen.storyboard;
			sourceTree = "<group>";
		};
/* End PBXVariantGroup section */

/* Begin XCBuildConfiguration section */
		8C46E2B4215B64A8009AAFCF /* Debug */ = {
			isa = XCBuildConfiguration;
			buildSettings = {
				ALWAYS_SEARCH_USER_PATHS = NO;
				CLANG_ANALYZER_NONNULL = YES;
				CLANG_ANALYZER_NUMBER_OBJECT_CONVERSION = YES_AGGRESSIVE;
				CLANG_CXX_LANGUAGE_STANDARD = "gnu++14";
				CLANG_CXX_LIBRARY = "libc++";
				CLANG_ENABLE_MODULES = YES;
				CLANG_ENABLE_OBJC_ARC = YES;
				CLANG_ENABLE_OBJC_WEAK = YES;
				CLANG_WARN_BLOCK_CAPTURE_AUTORELEASING = YES;
				CLANG_WARN_BOOL_CONVERSION = YES;
				CLANG_WARN_COMMA = YES;
				CLANG_WARN_CONSTANT_CONVERSION = YES;
				CLANG_WARN_DEPRECATED_OBJC_IMPLEMENTATIONS = YES;
				CLANG_WARN_DIRECT_OBJC_ISA_USAGE = YES_ERROR;
				CLANG_WARN_DOCUMENTATION_COMMENTS = YES;
				CLANG_WARN_EMPTY_BODY = YES;
				CLANG_WARN_ENUM_CONVERSION = YES;
				CLANG_WARN_INFINITE_RECURSION = YES;
				CLANG_WARN_INT_CONVERSION = YES;
				CLANG_WARN_NON_LITERAL_NULL_CONVERSION = YES;
				CLANG_WARN_OBJC_IMPLICIT_RETAIN_SELF = YES;
				CLANG_WARN_OBJC_LITERAL_CONVERSION = YES;
				CLANG_WARN_OBJC_ROOT_CLASS = YES_ERROR;
				CLANG_WARN_RANGE_LOOP_ANALYSIS = YES;
				CLANG_WARN_STRICT_PROTOTYPES = YES;
				CLANG_WARN_SUSPICIOUS_MOVE = YES;
				CLANG_WARN_UNGUARDED_AVAILABILITY = YES_AGGRESSIVE;
				CLANG_WARN_UNREACHABLE_CODE = YES;
				CLANG_WARN__DUPLICATE_METHOD_MATCH = YES;
				CODE_SIGN_IDENTITY = "iPhone Developer";
				COPY_PHASE_STRIP = NO;
				DEBUG_INFORMATION_FORMAT = dwarf;
				ENABLE_STRICT_OBJC_MSGSEND = YES;
				ENABLE_TESTABILITY = YES;
				GCC_C_LANGUAGE_STANDARD = gnu11;
				GCC_DYNAMIC_NO_PIC = NO;
				GCC_NO_COMMON_BLOCKS = YES;
				GCC_OPTIMIZATION_LEVEL = 0;
				GCC_PREPROCESSOR_DEFINITIONS = (
					"DEBUG=1",
					"$(inherited)",
				);
				GCC_WARN_64_TO_32_BIT_CONVERSION = YES;
				GCC_WARN_ABOUT_RETURN_TYPE = YES_ERROR;
				GCC_WARN_UNDECLARED_SELECTOR = YES;
				GCC_WARN_UNINITIALIZED_AUTOS = YES_AGGRESSIVE;
				GCC_WARN_UNUSED_FUNCTION = YES;
				GCC_WARN_UNUSED_VARIABLE = YES;
				IPHONEOS_DEPLOYMENT_TARGET = 11.4;
				MTL_ENABLE_DEBUG_INFO = YES;
				ONLY_ACTIVE_ARCH = YES;
				SDKROOT = iphoneos;
				SWIFT_ACTIVE_COMPILATION_CONDITIONS = DEBUG;
				SWIFT_OPTIMIZATION_LEVEL = "-Onone";
			};
			name = Debug;
		};
		8C46E2B5215B64A8009AAFCF /* Release */ = {
			isa = XCBuildConfiguration;
			buildSettings = {
				ALWAYS_SEARCH_USER_PATHS = NO;
				CLANG_ANALYZER_NONNULL = YES;
				CLANG_ANALYZER_NUMBER_OBJECT_CONVERSION = YES_AGGRESSIVE;
				CLANG_CXX_LANGUAGE_STANDARD = "gnu++14";
				CLANG_CXX_LIBRARY = "libc++";
				CLANG_ENABLE_MODULES = YES;
				CLANG_ENABLE_OBJC_ARC = YES;
				CLANG_ENABLE_OBJC_WEAK = YES;
				CLANG_WARN_BLOCK_CAPTURE_AUTORELEASING = YES;
				CLANG_WARN_BOOL_CONVERSION = YES;
				CLANG_WARN_COMMA = YES;
				CLANG_WARN_CONSTANT_CONVERSION = YES;
				CLANG_WARN_DEPRECATED_OBJC_IMPLEMENTATIONS = YES;
				CLANG_WARN_DIRECT_OBJC_ISA_USAGE = YES_ERROR;
				CLANG_WARN_DOCUMENTATION_COMMENTS = YES;
				CLANG_WARN_EMPTY_BODY = YES;
				CLANG_WARN_ENUM_CONVERSION = YES;
				CLANG_WARN_INFINITE_RECURSION = YES;
				CLANG_WARN_INT_CONVERSION = YES;
				CLANG_WARN_NON_LITERAL_NULL_CONVERSION = YES;
				CLANG_WARN_OBJC_IMPLICIT_RETAIN_SELF = YES;
				CLANG_WARN_OBJC_LITERAL_CONVERSION = YES;
				CLANG_WARN_OBJC_ROOT_CLASS = YES_ERROR;
				CLANG_WARN_RANGE_LOOP_ANALYSIS = YES;
				CLANG_WARN_STRICT_PROTOTYPES = YES;
				CLANG_WARN_SUSPICIOUS_MOVE = YES;
				CLANG_WARN_UNGUARDED_AVAILABILITY = YES_AGGRESSIVE;
				CLANG_WARN_UNREACHABLE_CODE = YES;
				CLANG_WARN__DUPLICATE_METHOD_MATCH = YES;
				CODE_SIGN_IDENTITY = "iPhone Developer";
				COPY_PHASE_STRIP = NO;
				DEBUG_INFORMATION_FORMAT = "dwarf-with-dsym";
				ENABLE_NS_ASSERTIONS = NO;
				ENABLE_STRICT_OBJC_MSGSEND = YES;
				GCC_C_LANGUAGE_STANDARD = gnu11;
				GCC_NO_COMMON_BLOCKS = YES;
				GCC_WARN_64_TO_32_BIT_CONVERSION = YES;
				GCC_WARN_ABOUT_RETURN_TYPE = YES_ERROR;
				GCC_WARN_UNDECLARED_SELECTOR = YES;
				GCC_WARN_UNINITIALIZED_AUTOS = YES_AGGRESSIVE;
				GCC_WARN_UNUSED_FUNCTION = YES;
				GCC_WARN_UNUSED_VARIABLE = YES;
				IPHONEOS_DEPLOYMENT_TARGET = 11.4;
				MTL_ENABLE_DEBUG_INFO = NO;
				SDKROOT = iphoneos;
				SWIFT_COMPILATION_MODE = wholemodule;
				SWIFT_OPTIMIZATION_LEVEL = "-O";
				VALIDATE_PRODUCT = YES;
			};
			name = Release;
		};
		8C46E2B7215B64A8009AAFCF /* Debug */ = {
			isa = XCBuildConfiguration;
			buildSettings = {
				ASSETCATALOG_COMPILER_APPICON_NAME = AppIcon;
				CLANG_ENABLE_MODULES = YES;
				CODE_SIGN_STYLE = Automatic;
				DEVELOPMENT_TEAM = B8VS96D7R7;
				FRAMEWORK_SEARCH_PATHS = (
					"$(inherited)",
					"$(PROJECT_DIR)/KPAYMerchantSample/Framework",
				);
				INFOPLIST_FILE = "$(SRCROOT)/KPAYMerchantSample/Info.plist";
				IPHONEOS_DEPLOYMENT_TARGET = 9.0;
				LD_RUNPATH_SEARCH_PATHS = (
					"$(inherited)",
					"@executable_path/Frameworks",
				);
				PRODUCT_BUNDLE_IDENTIFIER = exchange.kryptono.sdk.payment.sample.merchant.test;
				PRODUCT_NAME = "$(TARGET_NAME)";
				SWIFT_OBJC_BRIDGING_HEADER = "";
				SWIFT_OPTIMIZATION_LEVEL = "-Onone";
				SWIFT_VERSION = 4.2;
				TARGETED_DEVICE_FAMILY = "1,2";
			};
			name = Debug;
		};
		8C46E2B8215B64A8009AAFCF /* Release */ = {
			isa = XCBuildConfiguration;
			buildSettings = {
				ASSETCATALOG_COMPILER_APPICON_NAME = AppIcon;
				CLANG_ENABLE_MODULES = YES;
				CODE_SIGN_STYLE = Automatic;
				DEVELOPMENT_TEAM = B8VS96D7R7;
				FRAMEWORK_SEARCH_PATHS = (
					"$(inherited)",
					"$(PROJECT_DIR)/KPAYMerchantSample/Framework",
				);
				INFOPLIST_FILE = "$(SRCROOT)/KPAYMerchantSample/Info.plist";
				IPHONEOS_DEPLOYMENT_TARGET = 9.0;
				LD_RUNPATH_SEARCH_PATHS = (
					"$(inherited)",
					"@executable_path/Frameworks",
				);
				PRODUCT_BUNDLE_IDENTIFIER = exchange.kryptono.sdk.payment.sample.merchant.test;
				PRODUCT_NAME = "$(TARGET_NAME)";
				SWIFT_OBJC_BRIDGING_HEADER = "";
				SWIFT_VERSION = 4.2;
				TARGETED_DEVICE_FAMILY = "1,2";
			};
			name = Release;
		};
/* End XCBuildConfiguration section */

/* Begin XCConfigurationList section */
		8C46E29F215B64A7009AAFCF /* Build configuration list for PBXProject "KPAYMerchantSample" */ = {
			isa = XCConfigurationList;
			buildConfigurations = (
				8C46E2B4215B64A8009AAFCF /* Debug */,
				8C46E2B5215B64A8009AAFCF /* Release */,
			);
			defaultConfigurationIsVisible = 0;
			defaultConfigurationName = Release;
		};
		8C46E2B6215B64A8009AAFCF /* Build configuration list for PBXNativeTarget "KPAYMerchantSample" */ = {
			isa = XCConfigurationList;
			buildConfigurations = (
				8C46E2B7215B64A8009AAFCF /* Debug */,
				8C46E2B8215B64A8009AAFCF /* Release */,
			);
			defaultConfigurationIsVisible = 0;
			defaultConfigurationName = Release;
		};
/* End XCConfigurationList section */
	};
	rootObject = 8C46E29C215B64A7009AAFCF /* Project object */;
}
